// !$*UTF8*$!
{
	archiveVersion = 1;
	classes = {
	};
	objectVersion = 77;
	objects = {

/* Begin PBXBuildFile section */
		0D0F139631D987709D91286B /* BlockInteraction.swift in Sources */ = {isa = PBXBuildFile; fileRef = C70067AD2E2722D35E3C17C0 /* BlockInteraction.swift */; };
		0E8CFED99DADFD1E379B7B62 /* GameViewController.swift in Sources */ = {isa = PBXBuildFile; fileRef = 9EDE918673BB2372F41CF469 /* GameViewController.swift */; };
		3146398D1A5E775AFE7C7972 /* App.swift in Sources */ = {isa = PBXBuildFile; fileRef = CA8DE7869E0EC23FCCD9655E /* App.swift */; };
		330D30D4D93CE1E2F1CAA4CA /* GameScene.swift in Sources */ = {isa = PBXBuildFile; fileRef = 610D96F3F8C2D2235097FCF7 /* GameScene.swift */; };
		40A89549230C54988F3B2F9F /* GameState.swift in Sources */ = {isa = PBXBuildFile; fileRef = 8437971A78BE52445D2CE92E /* GameState.swift */; };
		580E1D83579956C38459B9B6 /* TerrainGenerator.swift in Sources */ = {isa = PBXBuildFile; fileRef = 0BFC5B01F591FEABF8AF8A46 /* TerrainGenerator.swift */; };
		68FB28DCC28C9EDF43C105EC /* Player.swift in Sources */ = {isa = PBXBuildFile; fileRef = 63E5BCD2C31F593C187FD4DA /* Player.swift */; };
		866E924A7F9CD71616FF50A7 /* DebugOverlay.swift in Sources */ = {isa = PBXBuildFile; fileRef = 4A3946FBC6B419A244603691 /* DebugOverlay.swift */; };
		8E8C5CB99FED7BD2A8E1BFF8 /* VirtualJoystick.swift in Sources */ = {isa = PBXBuildFile; fileRef = 26DDDE4EC09693AD92A84439 /* VirtualJoystick.swift */; };
		CFA3FB6C28CE0593A807725A /* IsometricMath.swift in Sources */ = {isa = PBXBuildFile; fileRef = 243FC081982BEEE213802482 /* IsometricMath.swift */; };
		DD215A6C02CCD71B10842BB3 /* Textures.swift in Sources */ = {isa = PBXBuildFile; fileRef = 088499E928218F54CE1FFA62 /* Textures.swift */; };
/* End PBXBuildFile section */

/* Begin PBXFileReference section */
		088499E928218F54CE1FFA62 /* Textures.swift */ = {isa = PBXFileReference; lastKnownFileType = sourcecode.swift; path = Textures.swift; sourceTree = "<group>"; };
		0BFC5B01F591FEABF8AF8A46 /* TerrainGenerator.swift */ = {isa = PBXFileReference; lastKnownFileType = sourcecode.swift; path = TerrainGenerator.swift; sourceTree = "<group>"; };
		243FC081982BEEE213802482 /* IsometricMath.swift */ = {isa = PBXFileReference; lastKnownFileType = sourcecode.swift; path = IsometricMath.swift; sourceTree = "<group>"; };
		26DDDE4EC09693AD92A84439 /* VirtualJoystick.swift */ = {isa = PBXFileReference; lastKnownFileType = sourcecode.swift; path = VirtualJoystick.swift; sourceTree = "<group>"; };
		35D466DB8920E7A52C599EBC /* HelloWorld.app */ = {isa = PBXFileReference; includeInIndex = 0; lastKnownFileType = wrapper.application; path = HelloWorld.app; sourceTree = BUILT_PRODUCTS_DIR; };
		4A3946FBC6B419A244603691 /* DebugOverlay.swift */ = {isa = PBXFileReference; lastKnownFileType = sourcecode.swift; path = DebugOverlay.swift; sourceTree = "<group>"; };
		610D96F3F8C2D2235097FCF7 /* GameScene.swift */ = {isa = PBXFileReference; lastKnownFileType = sourcecode.swift; path = GameScene.swift; sourceTree = "<group>"; };
		63E5BCD2C31F593C187FD4DA /* Player.swift */ = {isa = PBXFileReference; lastKnownFileType = sourcecode.swift; path = Player.swift; sourceTree = "<group>"; };
		8437971A78BE52445D2CE92E /* GameState.swift */ = {isa = PBXFileReference; lastKnownFileType = sourcecode.swift; path = GameState.swift; sourceTree = "<group>"; };
		9EDE918673BB2372F41CF469 /* GameViewController.swift */ = {isa = PBXFileReference; lastKnownFileType = sourcecode.swift; path = GameViewController.swift; sourceTree = "<group>"; };
		C70067AD2E2722D35E3C17C0 /* BlockInteraction.swift */ = {isa = PBXFileReference; lastKnownFileType = sourcecode.swift; path = BlockInteraction.swift; sourceTree = "<group>"; };
		CA8DE7869E0EC23FCCD9655E /* App.swift */ = {isa = PBXFileReference; lastKnownFileType = sourcecode.swift; path = App.swift; sourceTree = "<group>"; };
/* End PBXFileReference section */

/* Begin PBXGroup section */
		00961668E9C919BF4554CF95 /* Products */ = {
			isa = PBXGroup;
			children = (
				35D466DB8920E7A52C599EBC /* HelloWorld.app */,
			);
			name = Products;
			sourceTree = "<group>";
		};
		2AFB6256646F5C748E027F5E /* Sources */ = {
			isa = PBXGroup;
			children = (
				CA8DE7869E0EC23FCCD9655E /* App.swift */,
				C70067AD2E2722D35E3C17C0 /* BlockInteraction.swift */,
				4A3946FBC6B419A244603691 /* DebugOverlay.swift */,
				610D96F3F8C2D2235097FCF7 /* GameScene.swift */,
				8437971A78BE52445D2CE92E /* GameState.swift */,
				9EDE918673BB2372F41CF469 /* GameViewController.swift */,
				243FC081982BEEE213802482 /* IsometricMath.swift */,
				63E5BCD2C31F593C187FD4DA /* Player.swift */,
				0BFC5B01F591FEABF8AF8A46 /* TerrainGenerator.swift */,
				088499E928218F54CE1FFA62 /* Textures.swift */,
				26DDDE4EC09693AD92A84439 /* VirtualJoystick.swift */,
			);
			path = Sources;
			sourceTree = "<group>";
		};
		E8630311BAB2B628B85BC5D2 = {
			isa = PBXGroup;
			children = (
				2AFB6256646F5C748E027F5E /* Sources */,
				00961668E9C919BF4554CF95 /* Products */,
			);
			sourceTree = "<group>";
		};
/* End PBXGroup section */

/* Begin PBXNativeTarget section */
		479BCD1507C869E5783E1EC4 /* HelloWorld */ = {
			isa = PBXNativeTarget;
			buildConfigurationList = 39A71CFC79D014E76D4445EB /* Build configuration list for PBXNativeTarget "HelloWorld" */;
			buildPhases = (
				4A590CB0D847DB4C38DDCDFC /* Sources */,
			);
			buildRules = (
			);
			dependencies = (
			);
			name = HelloWorld;
			packageProductDependencies = (
			);
			productName = HelloWorld;
			productReference = 35D466DB8920E7A52C599EBC /* HelloWorld.app */;
			productType = "com.apple.product-type.application";
		};
/* End PBXNativeTarget section */

/* Begin PBXProject section */
		993C38E6B55CB9C6F082FDCA /* Project object */ = {
			isa = PBXProject;
			attributes = {
				BuildIndependentTargetsInParallel = YES;
				LastUpgradeCheck = 1500;
				TargetAttributes = {
					479BCD1507C869E5783E1EC4 = {
						DevelopmentTeam = "";
					};
				};
			};
			buildConfigurationList = 04EE2E1E635D92BC638F96E0 /* Build configuration list for PBXProject "HelloWorld" */;
			developmentRegion = en;
			hasScannedForEncodings = 0;
			knownRegions = (
				Base,
				en,
			);
			mainGroup = E8630311BAB2B628B85BC5D2;
			minimizedProjectReferenceProxies = 1;
			preferredProjectObjectVersion = 77;
			productRefGroup = 00961668E9C919BF4554CF95 /* Products */;
			projectDirPath = "";
			projectRoot = "";
			targets = (
				479BCD1507C869E5783E1EC4 /* HelloWorld */,
			);
		};
/* End PBXProject section */

/* Begin PBXSourcesBuildPhase section */
		4A590CB0D847DB4C38DDCDFC /* Sources */ = {
			isa = PBXSourcesBuildPhase;
			buildActionMask = 2147483647;
			files = (
				3146398D1A5E775AFE7C7972 /* App.swift in Sources */,
				0D0F139631D987709D91286B /* BlockInteraction.swift in Sources */,
				866E924A7F9CD71616FF50A7 /* DebugOverlay.swift in Sources */,
				330D30D4D93CE1E2F1CAA4CA /* GameScene.swift in Sources */,
				40A89549230C54988F3B2F9F /* GameState.swift in Sources */,
				0E8CFED99DADFD1E379B7B62 /* GameViewController.swift in Sources */,
				CFA3FB6C28CE0593A807725A /* IsometricMath.swift in Sources */,
				68FB28DCC28C9EDF43C105EC /* Player.swift in Sources */,
				580E1D83579956C38459B9B6 /* TerrainGenerator.swift in Sources */,
				DD215A6C02CCD71B10842BB3 /* Textures.swift in Sources */,
				8E8C5CB99FED7BD2A8E1BFF8 /* VirtualJoystick.swift in Sources */,
			);
			runOnlyForDeploymentPostprocessing = 0;
		};
/* End PBXSourcesBuildPhase section */

/* Begin XCBuildConfiguration section */
		3280429393A41FA3FBA1F5D6 /* Debug */ = {
			isa = XCBuildConfiguration;
			buildSettings = {
				ALWAYS_SEARCH_USER_PATHS = NO;
				CLANG_ANALYZER_NONNULL = YES;
				CLANG_ANALYZER_NUMBER_OBJECT_CONVERSION = YES_AGGRESSIVE;
				CLANG_CXX_LANGUAGE_STANDARD = "gnu++14";
				CLANG_CXX_LIBRARY = "libc++";
				CLANG_ENABLE_MODULES = YES;
				CLANG_ENABLE_OBJC_ARC = YES;
				CLANG_ENABLE_OBJC_WEAK = YES;
				CLANG_WARN_BLOCK_CAPTURE_AUTORELEASING = YES;
				CLANG_WARN_BOOL_CONVERSION = YES;
				CLANG_WARN_COMMA = YES;
				CLANG_WARN_CONSTANT_CONVERSION = YES;
				CLANG_WARN_DEPRECATED_OBJC_IMPLEMENTATIONS = YES;
				CLANG_WARN_DIRECT_OBJC_ISA_USAGE = YES_ERROR;
				CLANG_WARN_DOCUMENTATION_COMMENTS = YES;
				CLANG_WARN_EMPTY_BODY = YES;
				CLANG_WARN_ENUM_CONVERSION = YES;
				CLANG_WARN_INFINITE_RECURSION = YES;
				CLANG_WARN_INT_CONVERSION = YES;
				CLANG_WARN_NON_LITERAL_NULL_CONVERSION = YES;
				CLANG_WARN_OBJC_IMPLICIT_RETAIN_SELF = YES;
				CLANG_WARN_OBJC_LITERAL_CONVERSION = YES;
				CLANG_WARN_OBJC_ROOT_CLASS = YES_ERROR;
				CLANG_WARN_QUOTED_INCLUDE_IN_FRAMEWORK_HEADER = YES;
				CLANG_WARN_RANGE_LOOP_ANALYSIS = YES;
				CLANG_WARN_STRICT_PROTOTYPES = YES;
				CLANG_WARN_SUSPICIOUS_MOVE = YES;
				CLANG_WARN_UNGUARDED_AVAILABILITY = YES_AGGRESSIVE;
				CLANG_WARN_UNREACHABLE_CODE = YES;
				CLANG_WARN__DUPLICATE_METHOD_MATCH = YES;
				COPY_PHASE_STRIP = NO;
				DEBUG_INFORMATION_FORMAT = dwarf;
				DEVELOPMENT_TEAM = "";
				ENABLE_STRICT_OBJC_MSGSEND = YES;
				ENABLE_TESTABILITY = YES;
				GCC_C_LANGUAGE_STANDARD = gnu11;
				GCC_DYNAMIC_NO_PIC = NO;
				GCC_NO_COMMON_BLOCKS = YES;
				GCC_OPTIMIZATION_LEVEL = 0;
				GCC_PREPROCESSOR_DEFINITIONS = (
					"$(inherited)",
					"DEBUG=1",
				);
				GCC_WARN_64_TO_32_BIT_CONVERSION = YES;
				GCC_WARN_ABOUT_RETURN_TYPE = YES_ERROR;
				GCC_WARN_UNDECLARED_SELECTOR = YES;
				GCC_WARN_UNINITIALIZED_AUTOS = YES_AGGRESSIVE;
				GCC_WARN_UNUSED_FUNCTION = YES;
				GCC_WARN_UNUSED_VARIABLE = YES;
				GENERATE_INFOPLIST_FILE = NO;
				IPHONEOS_DEPLOYMENT_TARGET = 17.0;
				MTL_ENABLE_DEBUG_INFO = INCLUDE_SOURCE;
				MTL_FAST_MATH = YES;
				ONLY_ACTIVE_ARCH = YES;
				PRODUCT_NAME = "$(TARGET_NAME)";
				SDKROOT = iphoneos;
				SWIFT_ACTIVE_COMPILATION_CONDITIONS = DEBUG;
				SWIFT_OPTIMIZATION_LEVEL = "-Onone";
				SWIFT_VERSION = 5.9;
			};
			name = Debug;
		};
		72DC351F8133C2EE79D7230F /* Debug */ = {
			isa = XCBuildConfiguration;
			buildSettings = {
				ASSETCATALOG_COMPILER_APPICON_NAME = AppIcon;
				CODE_SIGN_IDENTITY = "iPhone Developer";
				INFOPLIST_FILE = Info.plist;
				IPHONEOS_DEPLOYMENT_TARGET = 17.0;
				LD_RUNPATH_SEARCH_PATHS = (
					"$(inherited)",
					"@executable_path/Frameworks",
				);
				PRODUCT_BUNDLE_IDENTIFIER = com.example.HelloWorld;
				SDKROOT = iphoneos;
				SUPPORTS_MAC_DESIGNED_FOR_IPHONE_IPAD = NO;
				TARGETED_DEVICE_FAMILY = 1;
			};
			name = Debug;
		};
		91C02734642ACB1BD6BF3AE6 /* Release */ = {
			isa = XCBuildConfiguration;
			buildSettings = {
				ASSETCATALOG_COMPILER_APPICON_NAME = AppIcon;
				CODE_SIGN_IDENTITY = "iPhone Developer";
				INFOPLIST_FILE = Info.plist;
				IPHONEOS_DEPLOYMENT_TARGET = 17.0;
				LD_RUNPATH_SEARCH_PATHS = (
					"$(inherited)",
					"@executable_path/Frameworks",
				);
				PRODUCT_BUNDLE_IDENTIFIER = com.example.HelloWorld;
				SDKROOT = iphoneos;
				SUPPORTS_MAC_DESIGNED_FOR_IPHONE_IPAD = NO;
				TARGETED_DEVICE_FAMILY = 1;
			};
			name = Release;
		};
		C24C7A9544E293DB9D604F47 /* Release */ = {
			isa = XCBuildConfiguration;
			buildSettings = {
				ALWAYS_SEARCH_USER_PATHS = NO;
				CLANG_ANALYZER_NONNULL = YES;
				CLANG_ANALYZER_NUMBER_OBJECT_CONVERSION = YES_AGGRESSIVE;
				CLANG_CXX_LANGUAGE_STANDARD = "gnu++14";
				CLANG_CXX_LIBRARY = "libc++";
				CLANG_ENABLE_MODULES = YES;
				CLANG_ENABLE_OBJC_ARC = YES;
				CLANG_ENABLE_OBJC_WEAK = YES;
				CLANG_WARN_BLOCK_CAPTURE_AUTORELEASING = YES;
				CLANG_WARN_BOOL_CONVERSION = YES;
				CLANG_WARN_COMMA = YES;
				CLANG_WARN_CONSTANT_CONVERSION = YES;
				CLANG_WARN_DEPRECATED_OBJC_IMPLEMENTATIONS = YES;
				CLANG_WARN_DIRECT_OBJC_ISA_USAGE = YES_ERROR;
				CLANG_WARN_DOCUMENTATION_COMMENTS = YES;
				CLANG_WARN_EMPTY_BODY = YES;
				CLANG_WARN_ENUM_CONVERSION = YES;
				CLANG_WARN_INFINITE_RECURSION = YES;
				CLANG_WARN_INT_CONVERSION = YES;
				CLANG_WARN_NON_LITERAL_NULL_CONVERSION = YES;
				CLANG_WARN_OBJC_IMPLICIT_RETAIN_SELF = YES;
				CLANG_WARN_OBJC_LITERAL_CONVERSION = YES;
				CLANG_WARN_OBJC_ROOT_CLASS = YES_ERROR;
				CLANG_WARN_QUOTED_INCLUDE_IN_FRAMEWORK_HEADER = YES;
				CLANG_WARN_RANGE_LOOP_ANALYSIS = YES;
				CLANG_WARN_STRICT_PROTOTYPES = YES;
				CLANG_WARN_SUSPICIOUS_MOVE = YES;
				CLANG_WARN_UNGUARDED_AVAILABILITY = YES_AGGRESSIVE;
				CLANG_WARN_UNREACHABLE_CODE = YES;
				CLANG_WARN__DUPLICATE_METHOD_MATCH = YES;
				COPY_PHASE_STRIP = NO;
				DEBUG_INFORMATION_FORMAT = "dwarf-with-dsym";
				DEVELOPMENT_TEAM = "";
				ENABLE_NS_ASSERTIONS = NO;
				ENABLE_STRICT_OBJC_MSGSEND = YES;
				GCC_C_LANGUAGE_STANDARD = gnu11;
				GCC_NO_COMMON_BLOCKS = YES;
				GCC_WARN_64_TO_32_BIT_CONVERSION = YES;
				GCC_WARN_ABOUT_RETURN_TYPE = YES_ERROR;
				GCC_WARN_UNDECLARED_SELECTOR = YES;
				GCC_WARN_UNINITIALIZED_AUTOS = YES_AGGRESSIVE;
				GCC_WARN_UNUSED_FUNCTION = YES;
				GCC_WARN_UNUSED_VARIABLE = YES;
				GENERATE_INFOPLIST_FILE = NO;
				IPHONEOS_DEPLOYMENT_TARGET = 17.0;
				MTL_ENABLE_DEBUG_INFO = NO;
				MTL_FAST_MATH = YES;
				PRODUCT_NAME = "$(TARGET_NAME)";
				SDKROOT = iphoneos;
				SWIFT_COMPILATION_MODE = wholemodule;
				SWIFT_OPTIMIZATION_LEVEL = "-O";
				SWIFT_VERSION = 5.9;
			};
			name = Release;
		};
/* End XCBuildConfiguration section */

/* Begin XCConfigurationList section */
		04EE2E1E635D92BC638F96E0 /* Build configuration list for PBXProject "HelloWorld" */ = {
			isa = XCConfigurationList;
			buildConfigurations = (
				3280429393A41FA3FBA1F5D6 /* Debug */,
				C24C7A9544E293DB9D604F47 /* Release */,
			);
			defaultConfigurationIsVisible = 0;
			defaultConfigurationName = Debug;
		};
		39A71CFC79D014E76D4445EB /* Build configuration list for PBXNativeTarget "HelloWorld" */ = {
			isa = XCConfigurationList;
			buildConfigurations = (
				72DC351F8133C2EE79D7230F /* Debug */,
				91C02734642ACB1BD6BF3AE6 /* Release */,
			);
			defaultConfigurationIsVisible = 0;
			defaultConfigurationName = Debug;
		};
/* End XCConfigurationList section */
	};
	rootObject = 993C38E6B55CB9C6F082FDCA /* Project object */;
}
