// !$*UTF8*$!
{
	archiveVersion = 1;
	classes = {
	};
	objectVersion = 77;
	objects = {

/* Begin PBXBuildFile section */
		0028060E1EBFCE68DDF46225 /* WorldGrid.swift in Sources */ = {isa = PBXBuildFile; fileRef = 8A5681813D3EB8B1B36C8C10 /* WorldGrid.swift */; };
		2089B3FBBF3FBE4412BB8E61 /* InventoryBarView.swift in Sources */ = {isa = PBXBuildFile; fileRef = C7F8958CDFE12FAFA1FED1C7 /* InventoryBarView.swift */; };
		335CF8D58A991868B9806BDB /* IsometricMath.swift in Sources */ = {isa = PBXBuildFile; fileRef = A94A77A862B1B738BC7B2BF3 /* IsometricMath.swift */; };
		3D15A57C4BF68FC9D9EBCFBC /* WorldCanvasView.swift in Sources */ = {isa = PBXBuildFile; fileRef = 5F954907CF49214A7C518999 /* WorldCanvasView.swift */; };
		894E35C39F18CFC0A631CF89 /* BlockType.swift in Sources */ = {isa = PBXBuildFile; fileRef = AEDD38D50456ECB284AA6D09 /* BlockType.swift */; };
		90BB1703C8122F3C30210C1C /* TouchHandler.swift in Sources */ = {isa = PBXBuildFile; fileRef = E30894A418A31D59E4FBAF43 /* TouchHandler.swift */; };
		DAB73E290E16DE0B29EFE7EC /* PlayerEntity.swift in Sources */ = {isa = PBXBuildFile; fileRef = 65D278F1453C3C1D14B71960 /* PlayerEntity.swift */; };
		DE73B1DC372F7AC3B2BB62BA /* VoxelWorldApp.swift in Sources */ = {isa = PBXBuildFile; fileRef = 8410B425D062B4ED89E4AC82 /* VoxelWorldApp.swift */; };
/* End PBXBuildFile section */

/* Begin PBXFileReference section */
		5F954907CF49214A7C518999 /* WorldCanvasView.swift */ = {isa = PBXFileReference; lastKnownFileType = sourcecode.swift; path = WorldCanvasView.swift; sourceTree = "<group>"; };
		65D278F1453C3C1D14B71960 /* PlayerEntity.swift */ = {isa = PBXFileReference; lastKnownFileType = sourcecode.swift; path = PlayerEntity.swift; sourceTree = "<group>"; };
		8410B425D062B4ED89E4AC82 /* VoxelWorldApp.swift */ = {isa = PBXFileReference; lastKnownFileType = sourcecode.swift; path = VoxelWorldApp.swift; sourceTree = "<group>"; };
		8A5681813D3EB8B1B36C8C10 /* WorldGrid.swift */ = {isa = PBXFileReference; lastKnownFileType = sourcecode.swift; path = WorldGrid.swift; sourceTree = "<group>"; };
		A94A77A862B1B738BC7B2BF3 /* IsometricMath.swift */ = {isa = PBXFileReference; lastKnownFileType = sourcecode.swift; path = IsometricMath.swift; sourceTree = "<group>"; };
		AEDD38D50456ECB284AA6D09 /* BlockType.swift */ = {isa = PBXFileReference; lastKnownFileType = sourcecode.swift; path = BlockType.swift; sourceTree = "<group>"; };
		B83A9078FA2FDDD8F87F0AB1 /* VoxelWorld.app */ = {isa = PBXFileReference; includeInIndex = 0; lastKnownFileType = wrapper.application; path = VoxelWorld.app; sourceTree = BUILT_PRODUCTS_DIR; };
		C7F8958CDFE12FAFA1FED1C7 /* InventoryBarView.swift */ = {isa = PBXFileReference; lastKnownFileType = sourcecode.swift; path = InventoryBarView.swift; sourceTree = "<group>"; };
		E30894A418A31D59E4FBAF43 /* TouchHandler.swift */ = {isa = PBXFileReference; lastKnownFileType = sourcecode.swift; path = TouchHandler.swift; sourceTree = "<group>"; };
		F26B19386940B62B171F4A34 /* Info.plist */ = {isa = PBXFileReference; lastKnownFileType = text.plist; path = Info.plist; sourceTree = "<group>"; };
/* End PBXFileReference section */

/* Begin PBXGroup section */
		0ED7246CC6EB540425D4FD9C /* VoxelWorld */ = {
			isa = PBXGroup;
			children = (
				F26B19386940B62B171F4A34 /* Info.plist */,
				E84E7FAF9A2E99A8B7443056 /* App */,
				EEAD09382D0BAD970D9B8733 /* Input */,
				13E4554A42F2A90DEEE19399 /* Player */,
				B46D3FFF82112793BCB351EA /* Rendering */,
				805AFBCFB4ABF8F4FFF057F2 /* UI */,
				95398139C087AE4848513F87 /* World */,
			);
			path = VoxelWorld;
			sourceTree = "<group>";
		};
		13E4554A42F2A90DEEE19399 /* Player */ = {
			isa = PBXGroup;
			children = (
				65D278F1453C3C1D14B71960 /* PlayerEntity.swift */,
			);
			path = Player;
			sourceTree = "<group>";
		};
		4CC9E145407948618C1B79B0 = {
			isa = PBXGroup;
			children = (
				0ED7246CC6EB540425D4FD9C /* VoxelWorld */,
				DD5D3989844C47F47C43BCB9 /* Products */,
			);
			sourceTree = "<group>";
		};
		805AFBCFB4ABF8F4FFF057F2 /* UI */ = {
			isa = PBXGroup;
			children = (
				C7F8958CDFE12FAFA1FED1C7 /* InventoryBarView.swift */,
			);
			path = UI;
			sourceTree = "<group>";
		};
		95398139C087AE4848513F87 /* World */ = {
			isa = PBXGroup;
			children = (
				AEDD38D50456ECB284AA6D09 /* BlockType.swift */,
				8A5681813D3EB8B1B36C8C10 /* WorldGrid.swift */,
			);
			path = World;
			sourceTree = "<group>";
		};
		B46D3FFF82112793BCB351EA /* Rendering */ = {
			isa = PBXGroup;
			children = (
				A94A77A862B1B738BC7B2BF3 /* IsometricMath.swift */,
				5F954907CF49214A7C518999 /* WorldCanvasView.swift */,
			);
			path = Rendering;
			sourceTree = "<group>";
		};
		DD5D3989844C47F47C43BCB9 /* Products */ = {
			isa = PBXGroup;
			children = (
				B83A9078FA2FDDD8F87F0AB1 /* VoxelWorld.app */,
			);
			name = Products;
			sourceTree = "<group>";
		};
		E84E7FAF9A2E99A8B7443056 /* App */ = {
			isa = PBXGroup;
			children = (
				8410B425D062B4ED89E4AC82 /* VoxelWorldApp.swift */,
			);
			path = App;
			sourceTree = "<group>";
		};
		EEAD09382D0BAD970D9B8733 /* Input */ = {
			isa = PBXGroup;
			children = (
				E30894A418A31D59E4FBAF43 /* TouchHandler.swift */,
			);
			path = Input;
			sourceTree = "<group>";
		};
/* End PBXGroup section */

/* Begin PBXNativeTarget section */
		968A35EBFF426621CA6E5A93 /* VoxelWorld */ = {
			isa = PBXNativeTarget;
			buildConfigurationList = 9A046B776E1F7CDBB521146A /* Build configuration list for PBXNativeTarget "VoxelWorld" */;
			buildPhases = (
				72B67E76327EF3695B594E7C /* Sources */,
			);
			buildRules = (
			);
			dependencies = (
			);
			name = VoxelWorld;
			packageProductDependencies = (
			);
			productName = VoxelWorld;
			productReference = B83A9078FA2FDDD8F87F0AB1 /* VoxelWorld.app */;
			productType = "com.apple.product-type.application";
		};
/* End PBXNativeTarget section */

/* Begin PBXProject section */
		0D7815DE9CC88CDCA6051D46 /* Project object */ = {
			isa = PBXProject;
			attributes = {
				BuildIndependentTargetsInParallel = YES;
				LastUpgradeCheck = 1500;
				TargetAttributes = {
					968A35EBFF426621CA6E5A93 = {
						DevelopmentTeam = "";
					};
				};
			};
			buildConfigurationList = 70F9E1B25B1A30D59BB89005 /* Build configuration list for PBXProject "VoxelWorld" */;
			developmentRegion = en;
			hasScannedForEncodings = 0;
			knownRegions = (
				Base,
				en,
			);
			mainGroup = 4CC9E145407948618C1B79B0;
			minimizedProjectReferenceProxies = 1;
			preferredProjectObjectVersion = 77;
			productRefGroup = DD5D3989844C47F47C43BCB9 /* Products */;
			projectDirPath = "";
			projectRoot = "";
			targets = (
				968A35EBFF426621CA6E5A93 /* VoxelWorld */,
			);
		};
/* End PBXProject section */

/* Begin PBXSourcesBuildPhase section */
		72B67E76327EF3695B594E7C /* Sources */ = {
			isa = PBXSourcesBuildPhase;
			buildActionMask = 2147483647;
			files = (
				894E35C39F18CFC0A631CF89 /* BlockType.swift in Sources */,
				2089B3FBBF3FBE4412BB8E61 /* InventoryBarView.swift in Sources */,
				335CF8D58A991868B9806BDB /* IsometricMath.swift in Sources */,
				DAB73E290E16DE0B29EFE7EC /* PlayerEntity.swift in Sources */,
				90BB1703C8122F3C30210C1C /* TouchHandler.swift in Sources */,
				DE73B1DC372F7AC3B2BB62BA /* VoxelWorldApp.swift in Sources */,
				3D15A57C4BF68FC9D9EBCFBC /* WorldCanvasView.swift in Sources */,
				0028060E1EBFCE68DDF46225 /* WorldGrid.swift in Sources */,
			);
			runOnlyForDeploymentPostprocessing = 0;
		};
/* End PBXSourcesBuildPhase section */

/* Begin XCBuildConfiguration section */
		546E277EED8FD691B68E589B /* Release */ = {
			isa = XCBuildConfiguration;
			buildSettings = {
				ASSETCATALOG_COMPILER_APPICON_NAME = AppIcon;
				CODE_SIGN_IDENTITY = "iPhone Developer";
				GENERATE_INFOPLIST_FILE = NO;
				INFOPLIST_FILE = VoxelWorld/Info.plist;
				LD_RUNPATH_SEARCH_PATHS = (
					"$(inherited)",
					"@executable_path/Frameworks",
				);
				PRODUCT_BUNDLE_IDENTIFIER = com.voxparty.VoxelWorld;
				SDKROOT = iphoneos;
				TARGETED_DEVICE_FAMILY = "1,2";
			};
			name = Release;
		};
		78876F487EB0DE4BCD24DB82 /* Release */ = {
			isa = XCBuildConfiguration;
			buildSettings = {
				ALWAYS_SEARCH_USER_PATHS = NO;
				CLANG_ANALYZER_NONNULL = YES;
				CLANG_ANALYZER_NUMBER_OBJECT_CONVERSION = YES_AGGRESSIVE;
				CLANG_CXX_LANGUAGE_STANDARD = "gnu++14";
				CLANG_CXX_LIBRARY = "libc++";
				CLANG_ENABLE_MODULES = YES;
				CLANG_ENABLE_OBJC_ARC = YES;
				CLANG_ENABLE_OBJC_WEAK = YES;
				CLANG_WARN_BLOCK_CAPTURE_AUTORELEASING = YES;
				CLANG_WARN_BOOL_CONVERSION = YES;
				CLANG_WARN_COMMA = YES;
				CLANG_WARN_CONSTANT_CONVERSION = YES;
				CLANG_WARN_DEPRECATED_OBJC_IMPLEMENTATIONS = YES;
				CLANG_WARN_DIRECT_OBJC_ISA_USAGE = YES_ERROR;
				CLANG_WARN_DOCUMENTATION_COMMENTS = YES;
				CLANG_WARN_EMPTY_BODY = YES;
				CLANG_WARN_ENUM_CONVERSION = YES;
				CLANG_WARN_INFINITE_RECURSION = YES;
				CLANG_WARN_INT_CONVERSION = YES;
				CLANG_WARN_NON_LITERAL_NULL_CONVERSION = YES;
				CLANG_WARN_OBJC_IMPLICIT_RETAIN_SELF = YES;
				CLANG_WARN_OBJC_LITERAL_CONVERSION = YES;
				CLANG_WARN_OBJC_ROOT_CLASS = YES_ERROR;
				CLANG_WARN_QUOTED_INCLUDE_IN_FRAMEWORK_HEADER = YES;
				CLANG_WARN_RANGE_LOOP_ANALYSIS = YES;
				CLANG_WARN_STRICT_PROTOTYPES = YES;
				CLANG_WARN_SUSPICIOUS_MOVE = YES;
				CLANG_WARN_UNGUARDED_AVAILABILITY = YES_AGGRESSIVE;
				CLANG_WARN_UNREACHABLE_CODE = YES;
				CLANG_WARN__DUPLICATE_METHOD_MATCH = YES;
				COPY_PHASE_STRIP = NO;
				CURRENT_PROJECT_VERSION = 1;
				DEBUG_INFORMATION_FORMAT = "dwarf-with-dsym";
				DEVELOPMENT_TEAM = "";
				ENABLE_NS_ASSERTIONS = NO;
				ENABLE_STRICT_OBJC_MSGSEND = YES;
				GCC_C_LANGUAGE_STANDARD = gnu11;
				GCC_NO_COMMON_BLOCKS = YES;
				GCC_WARN_64_TO_32_BIT_CONVERSION = YES;
				GCC_WARN_ABOUT_RETURN_TYPE = YES_ERROR;
				GCC_WARN_UNDECLARED_SELECTOR = YES;
				GCC_WARN_UNINITIALIZED_AUTOS = YES_AGGRESSIVE;
				GCC_WARN_UNUSED_FUNCTION = YES;
				GCC_WARN_UNUSED_VARIABLE = YES;
				INFOPLIST_FILE = VoxelWorld/Info.plist;
				IPHONEOS_DEPLOYMENT_TARGET = 16.0;
				MARKETING_VERSION = 1.0.0;
				MTL_ENABLE_DEBUG_INFO = NO;
				MTL_FAST_MATH = YES;
				PRODUCT_BUNDLE_IDENTIFIER = com.voxparty.VoxelWorld;
				PRODUCT_NAME = "$(TARGET_NAME)";
				SDKROOT = iphoneos;
				SWIFT_COMPILATION_MODE = wholemodule;
				SWIFT_OPTIMIZATION_LEVEL = "-O";
				SWIFT_VERSION = 5.9;
				TARGETED_DEVICE_FAMILY = "1,2";
			};
			name = Release;
		};
		BFF4D1D1BB6758EFB033DF27 /* Debug */ = {
			isa = XCBuildConfiguration;
			buildSettings = {
				ASSETCATALOG_COMPILER_APPICON_NAME = AppIcon;
				CODE_SIGN_IDENTITY = "iPhone Developer";
				GENERATE_INFOPLIST_FILE = NO;
				INFOPLIST_FILE = VoxelWorld/Info.plist;
				LD_RUNPATH_SEARCH_PATHS = (
					"$(inherited)",
					"@executable_path/Frameworks",
				);
				PRODUCT_BUNDLE_IDENTIFIER = com.voxparty.VoxelWorld;
				SDKROOT = iphoneos;
				TARGETED_DEVICE_FAMILY = "1,2";
			};
			name = Debug;
		};
		EF034F28350FE4A0D975BBA4 /* Debug */ = {
			isa = XCBuildConfiguration;
			buildSettings = {
				ALWAYS_SEARCH_USER_PATHS = NO;
				CLANG_ANALYZER_NONNULL = YES;
				CLANG_ANALYZER_NUMBER_OBJECT_CONVERSION = YES_AGGRESSIVE;
				CLANG_CXX_LANGUAGE_STANDARD = "gnu++14";
				CLANG_CXX_LIBRARY = "libc++";
				CLANG_ENABLE_MODULES = YES;
				CLANG_ENABLE_OBJC_ARC = YES;
				CLANG_ENABLE_OBJC_WEAK = YES;
				CLANG_WARN_BLOCK_CAPTURE_AUTORELEASING = YES;
				CLANG_WARN_BOOL_CONVERSION = YES;
				CLANG_WARN_COMMA = YES;
				CLANG_WARN_CONSTANT_CONVERSION = YES;
				CLANG_WARN_DEPRECATED_OBJC_IMPLEMENTATIONS = YES;
				CLANG_WARN_DIRECT_OBJC_ISA_USAGE = YES_ERROR;
				CLANG_WARN_DOCUMENTATION_COMMENTS = YES;
				CLANG_WARN_EMPTY_BODY = YES;
				CLANG_WARN_ENUM_CONVERSION = YES;
				CLANG_WARN_INFINITE_RECURSION = YES;
				CLANG_WARN_INT_CONVERSION = YES;
				CLANG_WARN_NON_LITERAL_NULL_CONVERSION = YES;
				CLANG_WARN_OBJC_IMPLICIT_RETAIN_SELF = YES;
				CLANG_WARN_OBJC_LITERAL_CONVERSION = YES;
				CLANG_WARN_OBJC_ROOT_CLASS = YES_ERROR;
				CLANG_WARN_QUOTED_INCLUDE_IN_FRAMEWORK_HEADER = YES;
				CLANG_WARN_RANGE_LOOP_ANALYSIS = YES;
				CLANG_WARN_STRICT_PROTOTYPES = YES;
				CLANG_WARN_SUSPICIOUS_MOVE = YES;
				CLANG_WARN_UNGUARDED_AVAILABILITY = YES_AGGRESSIVE;
				CLANG_WARN_UNREACHABLE_CODE = YES;
				CLANG_WARN__DUPLICATE_METHOD_MATCH = YES;
				COPY_PHASE_STRIP = NO;
				CURRENT_PROJECT_VERSION = 1;
				DEBUG_INFORMATION_FORMAT = dwarf;
				DEVELOPMENT_TEAM = "";
				ENABLE_STRICT_OBJC_MSGSEND = YES;
				ENABLE_TESTABILITY = YES;
				GCC_C_LANGUAGE_STANDARD = gnu11;
				GCC_DYNAMIC_NO_PIC = NO;
				GCC_NO_COMMON_BLOCKS = YES;
				GCC_OPTIMIZATION_LEVEL = 0;
				GCC_PREPROCESSOR_DEFINITIONS = (
					"$(inherited)",
					"DEBUG=1",
				);
				GCC_WARN_64_TO_32_BIT_CONVERSION = YES;
				GCC_WARN_ABOUT_RETURN_TYPE = YES_ERROR;
				GCC_WARN_UNDECLARED_SELECTOR = YES;
				GCC_WARN_UNINITIALIZED_AUTOS = YES_AGGRESSIVE;
				GCC_WARN_UNUSED_FUNCTION = YES;
				GCC_WARN_UNUSED_VARIABLE = YES;
				INFOPLIST_FILE = VoxelWorld/Info.plist;
				IPHONEOS_DEPLOYMENT_TARGET = 16.0;
				MARKETING_VERSION = 1.0.0;
				MTL_ENABLE_DEBUG_INFO = INCLUDE_SOURCE;
				MTL_FAST_MATH = YES;
				ONLY_ACTIVE_ARCH = YES;
				PRODUCT_BUNDLE_IDENTIFIER = com.voxparty.VoxelWorld;
				PRODUCT_NAME = "$(TARGET_NAME)";
				SDKROOT = iphoneos;
				SWIFT_ACTIVE_COMPILATION_CONDITIONS = DEBUG;
				SWIFT_OPTIMIZATION_LEVEL = "-Onone";
				SWIFT_VERSION = 5.9;
				TARGETED_DEVICE_FAMILY = "1,2";
			};
			name = Debug;
		};
/* End XCBuildConfiguration section */

/* Begin XCConfigurationList section */
		70F9E1B25B1A30D59BB89005 /* Build configuration list for PBXProject "VoxelWorld" */ = {
			isa = XCConfigurationList;
			buildConfigurations = (
				EF034F28350FE4A0D975BBA4 /* Debug */,
				78876F487EB0DE4BCD24DB82 /* Release */,
			);
			defaultConfigurationIsVisible = 0;
			defaultConfigurationName = Debug;
		};
		9A046B776E1F7CDBB521146A /* Build configuration list for PBXNativeTarget "VoxelWorld" */ = {
			isa = XCConfigurationList;
			buildConfigurations = (
				BFF4D1D1BB6758EFB033DF27 /* Debug */,
				546E277EED8FD691B68E589B /* Release */,
			);
			defaultConfigurationIsVisible = 0;
			defaultConfigurationName = Debug;
		};
/* End XCConfigurationList section */
	};
	rootObject = 0D7815DE9CC88CDCA6051D46 /* Project object */;
}
